// !$*UTF8*$!
{
	archiveVersion = 1;
	classes = {
	};
	objectVersion = 77;
	objects = {

/* Begin PBXBuildFile section */
		B5F75CB02F06B0DE00FEF837 /* Products.storekit in Resources */ = {isa = PBXBuildFile; fileRef = B5F75CAF2F06B0DE00FEF837 /* Products.storekit */; };
		B5FE60542F04F52B009BF8EF /* SnapSnackWidgetExtension.appex in Embed Foundation Extensions */ = {isa = PBXBuildFile; fileRef = B5FE60402F04F528009BF8EF /* SnapSnackWidgetExtension.appex */; settings = {ATTRIBUTES = (RemoveHeadersOnCopy, ); }; };
		B5FE607E2F0519BB009BF8EF /* SwiftUI.framework in Frameworks */ = {isa = PBXBuildFile; fileRef = B5FE60442F04F528009BF8EF /* SwiftUI.framework */; };
		B5FE60812F0519BD009BF8EF /* WidgetKit.framework in Frameworks */ = {isa = PBXBuildFile; fileRef = B5FE60422F04F528009BF8EF /* WidgetKit.framework */; };
/* End PBXBuildFile section */

/* Begin PBXContainerItemProxy section */
		B5FE60522F04F52B009BF8EF /* PBXContainerItemProxy */ = {
			isa = PBXContainerItemProxy;
			containerPortal = B5E827E12F04E787003A4515 /* Project object */;
			proxyType = 1;
			remoteGlobalIDString = B5FE603F2F04F528009BF8EF;
			remoteInfo = SnapSnackWidgetExtension;
		};
/* End PBXContainerItemProxy section */

/* Begin PBXCopyFilesBuildPhase section */
		B5FE60592F04F52B009BF8EF /* Embed Foundation Extensions */ = {
			isa = PBXCopyFilesBuildPhase;
			buildActionMask = 2147483647;
			dstPath = "";
			dstSubfolderSpec = 13;
			files = (
				B5FE60542F04F52B009BF8EF /* SnapSnackWidgetExtension.appex in Embed Foundation Extensions */,
			);
			name = "Embed Foundation Extensions";
			runOnlyForDeploymentPostprocessing = 0;
		};
/* End PBXCopyFilesBuildPhase section */

/* Begin PBXFileReference section */
		B5E827E92F04E787003A4515 /* PhotosClean.app */ = {isa = PBXFileReference; explicitFileType = wrapper.application; includeInIndex = 0; path = PhotosClean.app; sourceTree = BUILT_PRODUCTS_DIR; };
		B5F75CAF2F06B0DE00FEF837 /* Products.storekit */ = {isa = PBXFileReference; lastKnownFileType = text; path = Products.storekit; sourceTree = "<group>"; };
		B5F75D552F09357100FEF837 /* SnapSnackWidgetExtension.entitlements */ = {isa = PBXFileReference; lastKnownFileType = text.plist.entitlements; path = SnapSnackWidgetExtension.entitlements; sourceTree = "<group>"; };
		B5FE60402F04F528009BF8EF /* SnapSnackWidgetExtension.appex */ = {isa = PBXFileReference; explicitFileType = "wrapper.app-extension"; includeInIndex = 0; path = SnapSnackWidgetExtension.appex; sourceTree = BUILT_PRODUCTS_DIR; };
		B5FE60422F04F528009BF8EF /* WidgetKit.framework */ = {isa = PBXFileReference; lastKnownFileType = wrapper.framework; name = WidgetKit.framework; path = System/Library/Frameworks/WidgetKit.framework; sourceTree = SDKROOT; };
		B5FE60442F04F528009BF8EF /* SwiftUI.framework */ = {isa = PBXFileReference; lastKnownFileType = wrapper.framework; name = SwiftUI.framework; path = System/Library/Frameworks/SwiftUI.framework; sourceTree = SDKROOT; };
/* End PBXFileReference section */

/* Begin PBXFileSystemSynchronizedBuildFileExceptionSet section */
		B5C3197A2F1913C200397BE9 /* Exceptions for "PhotosClean" folder in "PhotosClean" target */ = {
			isa = PBXFileSystemSynchronizedBuildFileExceptionSet;
			membershipExceptions = (
				Info.plist,
			);
			target = B5E827E82F04E787003A4515 /* PhotosClean */;
		};
		B5F75D592F09357100FEF837 /* Exceptions for "SnapSnackWidget" folder in "PhotosClean" target */ = {
			isa = PBXFileSystemSynchronizedBuildFileExceptionSet;
			membershipExceptions = (
				"/Localized: widgelocalizable.strings",
				Assets.xcassets,
				Info.plist,
				SnapSnackWidget.swift,
			);
			target = B5E827E82F04E787003A4515 /* PhotosClean */;
		};
		B5F75D5A2F09357100FEF837 /* Exceptions for "SnapSnackWidget" folder in "SnapSnackWidgetExtension" target */ = {
			isa = PBXFileSystemSynchronizedBuildFileExceptionSet;
			membershipExceptions = (
				"/Localized: widgelocalizable.strings",
				Assets.xcassets,
				SnapSnackWidget.swift,
			);
			target = B5FE603F2F04F528009BF8EF /* SnapSnackWidgetExtension */;
		};
/* End PBXFileSystemSynchronizedBuildFileExceptionSet section */

/* Begin PBXFileSystemSynchronizedRootGroup section */
		B5E827EB2F04E787003A4515 /* PhotosClean */ = {
			isa = PBXFileSystemSynchronizedRootGroup;
			exceptions = (
				B5C3197A2F1913C200397BE9 /* Exceptions for "PhotosClean" folder in "PhotosClean" target */,
			);
			path = PhotosClean;
			sourceTree = "<group>";
		};
		B5F75D562F09357100FEF837 /* SnapSnackWidget */ = {
			isa = PBXFileSystemSynchronizedRootGroup;
			exceptions = (
				B5F75D592F09357100FEF837 /* Exceptions for "SnapSnackWidget" folder in "PhotosClean" target */,
				B5F75D5A2F09357100FEF837 /* Exceptions for "SnapSnackWidget" folder in "SnapSnackWidgetExtension" target */,
			);
			path = SnapSnackWidget;
			sourceTree = "<group>";
		};
/* End PBXFileSystemSynchronizedRootGroup section */

/* Begin PBXFrameworksBuildPhase section */
		B5E827E62F04E787003A4515 /* Frameworks */ = {
			isa = PBXFrameworksBuildPhase;
			buildActionMask = 2147483647;
			files = (
			);
			runOnlyForDeploymentPostprocessing = 0;
		};
		B5FE603D2F04F528009BF8EF /* Frameworks */ = {
			isa = PBXFrameworksBuildPhase;
			buildActionMask = 2147483647;
			files = (
				B5FE607E2F0519BB009BF8EF /* SwiftUI.framework in Frameworks */,
				B5FE60812F0519BD009BF8EF /* WidgetKit.framework in Frameworks */,
			);
			runOnlyForDeploymentPostprocessing = 0;
		};
/* End PBXFrameworksBuildPhase section */

/* Begin PBXGroup section */
		B5E827E02F04E787003A4515 = {
			isa = PBXGroup;
			children = (
				B5F75CAF2F06B0DE00FEF837 /* Products.storekit */,
				B5F75D552F09357100FEF837 /* SnapSnackWidgetExtension.entitlements */,
				B5F75D562F09357100FEF837 /* SnapSnackWidget */,
				B5E827EB2F04E787003A4515 /* PhotosClean */,
				B5FE60412F04F528009BF8EF /* Frameworks */,
				B5E827EA2F04E787003A4515 /* Products */,
			);
			sourceTree = "<group>";
		};
		B5E827EA2F04E787003A4515 /* Products */ = {
			isa = PBXGroup;
			children = (
				B5E827E92F04E787003A4515 /* PhotosClean.app */,
				B5FE60402F04F528009BF8EF /* SnapSnackWidgetExtension.appex */,
			);
			name = Products;
			sourceTree = "<group>";
		};
		B5FE60412F04F528009BF8EF /* Frameworks */ = {
			isa = PBXGroup;
			children = (
				B5FE60422F04F528009BF8EF /* WidgetKit.framework */,
				B5FE60442F04F528009BF8EF /* SwiftUI.framework */,
			);
			name = Frameworks;
			sourceTree = "<group>";
		};
/* End PBXGroup section */

/* Begin PBXNativeTarget section */
		B5E827E82F04E787003A4515 /* PhotosClean */ = {
			isa = PBXNativeTarget;
			buildConfigurationList = B5E827F72F04E78A003A4515 /* Build configuration list for PBXNativeTarget "PhotosClean" */;
			buildPhases = (
				B5E827E52F04E787003A4515 /* Sources */,
				B5E827E62F04E787003A4515 /* Frameworks */,
				B5E827E72F04E787003A4515 /* Resources */,
				B5FE60592F04F52B009BF8EF /* Embed Foundation Extensions */,
			);
			buildRules = (
			);
			dependencies = (
				B5FE60532F04F52B009BF8EF /* PBXTargetDependency */,
			);
			fileSystemSynchronizedGroups = (
				B5E827EB2F04E787003A4515 /* PhotosClean */,
				B5F75D562F09357100FEF837 /* SnapSnackWidget */,
			);
			name = PhotosClean;
			packageProductDependencies = (
			);
			productName = PhotosClean;
			productReference = B5E827E92F04E787003A4515 /* PhotosClean.app */;
			productType = "com.apple.product-type.application";
		};
		B5FE603F2F04F528009BF8EF /* SnapSnackWidgetExtension */ = {
			isa = PBXNativeTarget;
			buildConfigurationList = B5FE60552F04F52B009BF8EF /* Build configuration list for PBXNativeTarget "SnapSnackWidgetExtension" */;
			buildPhases = (
				B5FE603C2F04F528009BF8EF /* Sources */,
				B5FE603D2F04F528009BF8EF /* Frameworks */,
				B5FE603E2F04F528009BF8EF /* Resources */,
			);
			buildRules = (
			);
			dependencies = (
			);
			name = SnapSnackWidgetExtension;
			packageProductDependencies = (
			);
			productName = SnapSnackWidgetExtension;
			productReference = B5FE60402F04F528009BF8EF /* SnapSnackWidgetExtension.appex */;
			productType = "com.apple.product-type.app-extension";
		};
/* End PBXNativeTarget section */

/* Begin PBXProject section */
		B5E827E12F04E787003A4515 /* Project object */ = {
			isa = PBXProject;
			attributes = {
				BuildIndependentTargetsInParallel = 1;
				LastSwiftUpdateCheck = 2620;
				LastUpgradeCheck = 2620;
				TargetAttributes = {
					B5E827E82F04E787003A4515 = {
						CreatedOnToolsVersion = 26.2;
					};
					B5FE603F2F04F528009BF8EF = {
						CreatedOnToolsVersion = 26.2;
					};
				};
			};
			buildConfigurationList = B5E827E42F04E787003A4515 /* Build configuration list for PBXProject "PhotosClean" */;
			developmentRegion = en;
			hasScannedForEncodings = 0;
			knownRegions = (
				en,
				Base,
				"zh-Hans",
			);
			mainGroup = B5E827E02F04E787003A4515;
			minimizedProjectReferenceProxies = 1;
			preferredProjectObjectVersion = 77;
			productRefGroup = B5E827EA2F04E787003A4515 /* Products */;
			projectDirPath = "";
			projectRoot = "";
			targets = (
				B5E827E82F04E787003A4515 /* PhotosClean */,
				B5FE603F2F04F528009BF8EF /* SnapSnackWidgetExtension */,
			);
		};
/* End PBXProject section */

/* Begin PBXResourcesBuildPhase section */
		B5E827E72F04E787003A4515 /* Resources */ = {
			isa = PBXResourcesBuildPhase;
			buildActionMask = 2147483647;
			files = (
				B5F75CB02F06B0DE00FEF837 /* Products.storekit in Resources */,
			);
			runOnlyForDeploymentPostprocessing = 0;
		};
		B5FE603E2F04F528009BF8EF /* Resources */ = {
			isa = PBXResourcesBuildPhase;
			buildActionMask = 2147483647;
			files = (
			);
			runOnlyForDeploymentPostprocessing = 0;
		};
/* End PBXResourcesBuildPhase section */

/* Begin PBXSourcesBuildPhase section */
		B5E827E52F04E787003A4515 /* Sources */ = {
			isa = PBXSourcesBuildPhase;
			buildActionMask = 2147483647;
			files = (
			);
			runOnlyForDeploymentPostprocessing = 0;
		};
		B5FE603C2F04F528009BF8EF /* Sources */ = {
			isa = PBXSourcesBuildPhase;
			buildActionMask = 2147483647;
			files = (
			);
			runOnlyForDeploymentPostprocessing = 0;
		};
/* End PBXSourcesBuildPhase section */

/* Begin PBXTargetDependency section */
		B5FE60532F04F52B009BF8EF /* PBXTargetDependency */ = {
			isa = PBXTargetDependency;
			target = B5FE603F2F04F528009BF8EF /* SnapSnackWidgetExtension */;
			targetProxy = B5FE60522F04F52B009BF8EF /* PBXContainerItemProxy */;
		};
/* End PBXTargetDependency section */

/* Begin XCBuildConfiguration section */
		B5E827F82F04E78A003A4515 /* Debug */ = {
			isa = XCBuildConfiguration;
			buildSettings = {
				ASSETCATALOG_COMPILER_APPICON_NAME = AppIcon;
				ASSETCATALOG_COMPILER_GLOBAL_ACCENT_COLOR_NAME = AccentColor;
				CODE_SIGN_ENTITLEMENTS = PhotosClean/PhotosClean.entitlements;
				CODE_SIGN_STYLE = Automatic;
				CURRENT_PROJECT_VERSION = 13;
				DEVELOPMENT_TEAM = XNPB3GQ7SF;
				ENABLE_PREVIEWS = YES;
				GENERATE_INFOPLIST_FILE = YES;
				INFOPLIST_FILE = PhotosClean/Info.plist;
				INFOPLIST_KEY_CFBundleDisplayName = TastyTidy;
				INFOPLIST_KEY_NSPhotoLibraryUsageDescription = "我们需要访问相册来帮你分类照片";
				INFOPLIST_KEY_NSVideoSubscriberAccountUsageDescription = "我们需要权限访问视频";
				INFOPLIST_KEY_UIApplicationSceneManifest_Generation = YES;
				INFOPLIST_KEY_UIApplicationSupportsIndirectInputEvents = YES;
				INFOPLIST_KEY_UILaunchScreen_Generation = YES;
				INFOPLIST_KEY_UISupportedInterfaceOrientations_iPad = "UIInterfaceOrientationPortrait UIInterfaceOrientationPortraitUpsideDown UIInterfaceOrientationLandscapeLeft UIInterfaceOrientationLandscapeRight";
				INFOPLIST_KEY_UISupportedInterfaceOrientations_iPhone = "UIInterfaceOrientationPortrait UIInterfaceOrientationLandscapeLeft UIInterfaceOrientationLandscapeRight";
				IPHONEOS_DEPLOYMENT_TARGET = 17.0;
				LD_RUNPATH_SEARCH_PATHS = (
					"$(inherited)",
					"@executable_path/Frameworks",
				);
				MARKETING_VERSION = 2.5;
				PRODUCT_BUNDLE_IDENTIFIER = com.claire.tastytidy;
				PRODUCT_NAME = "$(TARGET_NAME)";
				STRING_CATALOG_GENERATE_SYMBOLS = YES;
				SWIFT_APPROACHABLE_CONCURRENCY = YES;
				SWIFT_DEFAULT_ACTOR_ISOLATION = MainActor;
				SWIFT_EMIT_LOC_STRINGS = YES;
				SWIFT_UPCOMING_FEATURE_MEMBER_IMPORT_VISIBILITY = YES;
				SWIFT_VERSION = 5.0;
				TARGETED_DEVICE_FAMILY = "1,2";
			};
			name = Debug;
		};
		B5E827F92F04E78A003A4515 /* Release */ = {
			isa = XCBuildConfiguration;
			buildSettings = {
				ASSETCATALOG_COMPILER_APPICON_NAME = AppIcon;
				ASSETCATALOG_COMPILER_GLOBAL_ACCENT_COLOR_NAME = AccentColor;
				CODE_SIGN_ENTITLEMENTS = PhotosClean/PhotosClean.entitlements;
				CODE_SIGN_STYLE = Automatic;
				CURRENT_PROJECT_VERSION = 13;
				DEVELOPMENT_TEAM = XNPB3GQ7SF;
				ENABLE_PREVIEWS = YES;
				GENERATE_INFOPLIST_FILE = YES;
				INFOPLIST_FILE = PhotosClean/Info.plist;
				INFOPLIST_KEY_CFBundleDisplayName = TastyTidy;
				INFOPLIST_KEY_NSPhotoLibraryUsageDescription = "我们需要访问相册来帮你分类照片";
				INFOPLIST_KEY_NSVideoSubscriberAccountUsageDescription = "我们需要权限访问视频";
				INFOPLIST_KEY_UIApplicationSceneManifest_Generation = YES;
				INFOPLIST_KEY_UIApplicationSupportsIndirectInputEvents = YES;
				INFOPLIST_KEY_UILaunchScreen_Generation = YES;
				INFOPLIST_KEY_UISupportedInterfaceOrientations_iPad = "UIInterfaceOrientationPortrait UIInterfaceOrientationPortraitUpsideDown UIInterfaceOrientationLandscapeLeft UIInterfaceOrientationLandscapeRight";
				INFOPLIST_KEY_UISupportedInterfaceOrientations_iPhone = "UIInterfaceOrientationPortrait UIInterfaceOrientationLandscapeLeft UIInterfaceOrientationLandscapeRight";
				IPHONEOS_DEPLOYMENT_TARGET = 17.0;
				LD_RUNPATH_SEARCH_PATHS = (
					"$(inherited)",
					"@executable_path/Frameworks",
				);
				MARKETING_VERSION = 2.5;
				PRODUCT_BUNDLE_IDENTIFIER = com.claire.tastytidy;
				PRODUCT_NAME = "$(TARGET_NAME)";
				STRING_CATALOG_GENERATE_SYMBOLS = YES;
				SWIFT_APPROACHABLE_CONCURRENCY = YES;
				SWIFT_DEFAULT_ACTOR_ISOLATION = MainActor;
				SWIFT_EMIT_LOC_STRINGS = YES;
				SWIFT_UPCOMING_FEATURE_MEMBER_IMPORT_VISIBILITY = YES;
				SWIFT_VERSION = 5.0;
				TARGETED_DEVICE_FAMILY = "1,2";
			};
			name = Release;
		};
		B5E827FA2F04E78A003A4515 /* Debug */ = {
			isa = XCBuildConfiguration;
			buildSettings = {
				ALWAYS_SEARCH_USER_PATHS = NO;
				ASSETCATALOG_COMPILER_GENERATE_SWIFT_ASSET_SYMBOL_EXTENSIONS = YES;
				CLANG_ANALYZER_LOCALIZABILITY_NONLOCALIZED = YES;
				CLANG_ANALYZER_NONNULL = YES;
				CLANG_ANALYZER_NUMBER_OBJECT_CONVERSION = YES_AGGRESSIVE;
				CLANG_CXX_LANGUAGE_STANDARD = "gnu++20";
				CLANG_ENABLE_MODULES = YES;
				CLANG_ENABLE_OBJC_ARC = YES;
				CLANG_ENABLE_OBJC_WEAK = YES;
				CLANG_WARN_BLOCK_CAPTURE_AUTORELEASING = YES;
				CLANG_WARN_BOOL_CONVERSION = YES;
				CLANG_WARN_COMMA = YES;
				CLANG_WARN_CONSTANT_CONVERSION = YES;
				CLANG_WARN_DEPRECATED_OBJC_IMPLEMENTATIONS = YES;
				CLANG_WARN_DIRECT_OBJC_ISA_USAGE = YES_ERROR;
				CLANG_WARN_DOCUMENTATION_COMMENTS = YES;
				CLANG_WARN_EMPTY_BODY = YES;
				CLANG_WARN_ENUM_CONVERSION = YES;
				CLANG_WARN_INFINITE_RECURSION = YES;
				CLANG_WARN_INT_CONVERSION = YES;
				CLANG_WARN_NON_LITERAL_NULL_CONVERSION = YES;
				CLANG_WARN_OBJC_IMPLICIT_RETAIN_SELF = YES;
				CLANG_WARN_OBJC_LITERAL_CONVERSION = YES;
				CLANG_WARN_OBJC_ROOT_CLASS = YES_ERROR;
				CLANG_WARN_QUOTED_INCLUDE_IN_FRAMEWORK_HEADER = YES;
				CLANG_WARN_RANGE_LOOP_ANALYSIS = YES;
				CLANG_WARN_STRICT_PROTOTYPES = YES;
				CLANG_WARN_SUSPICIOUS_MOVE = YES;
				CLANG_WARN_UNGUARDED_AVAILABILITY = YES_AGGRESSIVE;
				CLANG_WARN_UNREACHABLE_CODE = YES;
				CLANG_WARN__DUPLICATE_METHOD_MATCH = YES;
				COPY_PHASE_STRIP = NO;
				DEBUG_INFORMATION_FORMAT = dwarf;
				DEVELOPMENT_TEAM = Z7Y27XH2B3;
				ENABLE_STRICT_OBJC_MSGSEND = YES;
				ENABLE_TESTABILITY = YES;
				ENABLE_USER_SCRIPT_SANDBOXING = YES;
				GCC_C_LANGUAGE_STANDARD = gnu17;
				GCC_DYNAMIC_NO_PIC = NO;
				GCC_NO_COMMON_BLOCKS = YES;
				GCC_OPTIMIZATION_LEVEL = 0;
				GCC_PREPROCESSOR_DEFINITIONS = (
					"DEBUG=1",
					"$(inherited)",
				);
				GCC_WARN_64_TO_32_BIT_CONVERSION = YES;
				GCC_WARN_ABOUT_RETURN_TYPE = YES_ERROR;
				GCC_WARN_UNDECLARED_SELECTOR = YES;
				GCC_WARN_UNINITIALIZED_AUTOS = YES_AGGRESSIVE;
				GCC_WARN_UNUSED_FUNCTION = YES;
				GCC_WARN_UNUSED_VARIABLE = YES;
				INFOPLIST_FILE = /Users/claireyang/Desktop/PhotosClean/PhotosClean/Info.plist;
				IPHONEOS_DEPLOYMENT_TARGET = 17.0;
				LOCALIZATION_PREFERS_STRING_CATALOGS = YES;
				MTL_ENABLE_DEBUG_INFO = INCLUDE_SOURCE;
				MTL_FAST_MATH = YES;
				ONLY_ACTIVE_ARCH = YES;
				SDKROOT = iphoneos;
				SWIFT_ACTIVE_COMPILATION_CONDITIONS = "DEBUG $(inherited)";
				SWIFT_OPTIMIZATION_LEVEL = "-Onone";
			};
			name = Debug;
		};
		B5E827FB2F04E78A003A4515 /* Release */ = {
			isa = XCBuildConfiguration;
			buildSettings = {
				ALWAYS_SEARCH_USER_PATHS = NO;
				ASSETCATALOG_COMPILER_GENERATE_SWIFT_ASSET_SYMBOL_EXTENSIONS = YES;
				CLANG_ANALYZER_LOCALIZABILITY_NONLOCALIZED = YES;
				CLANG_ANALYZER_NONNULL = YES;
				CLANG_ANALYZER_NUMBER_OBJECT_CONVERSION = YES_AGGRESSIVE;
				CLANG_CXX_LANGUAGE_STANDARD = "gnu++20";
				CLANG_ENABLE_MODULES = YES;
				CLANG_ENABLE_OBJC_ARC = YES;
				CLANG_ENABLE_OBJC_WEAK = YES;
				CLANG_WARN_BLOCK_CAPTURE_AUTORELEASING = YES;
				CLANG_WARN_BOOL_CONVERSION = YES;
				CLANG_WARN_COMMA = YES;
				CLANG_WARN_CONSTANT_CONVERSION = YES;
				CLANG_WARN_DEPRECATED_OBJC_IMPLEMENTATIONS = YES;
				CLANG_WARN_DIRECT_OBJC_ISA_USAGE = YES_ERROR;
				CLANG_WARN_DOCUMENTATION_COMMENTS = YES;
				CLANG_WARN_EMPTY_BODY = YES;
				CLANG_WARN_ENUM_CONVERSION = YES;
				CLANG_WARN_INFINITE_RECURSION = YES;
				CLANG_WARN_INT_CONVERSION = YES;
				CLANG_WARN_NON_LITERAL_NULL_CONVERSION = YES;
				CLANG_WARN_OBJC_IMPLICIT_RETAIN_SELF = YES;
				CLANG_WARN_OBJC_LITERAL_CONVERSION = YES;
				CLANG_WARN_OBJC_ROOT_CLASS = YES_ERROR;
				CLANG_WARN_QUOTED_INCLUDE_IN_FRAMEWORK_HEADER = YES;
				CLANG_WARN_RANGE_LOOP_ANALYSIS = YES;
				CLANG_WARN_STRICT_PROTOTYPES = YES;
				CLANG_WARN_SUSPICIOUS_MOVE = YES;
				CLANG_WARN_UNGUARDED_AVAILABILITY = YES_AGGRESSIVE;
				CLANG_WARN_UNREACHABLE_CODE = YES;
				CLANG_WARN__DUPLICATE_METHOD_MATCH = YES;
				COPY_PHASE_STRIP = NO;
				DEBUG_INFORMATION_FORMAT = "dwarf-with-dsym";
				DEVELOPMENT_TEAM = Z7Y27XH2B3;
				ENABLE_NS_ASSERTIONS = NO;
				ENABLE_STRICT_OBJC_MSGSEND = YES;
				ENABLE_USER_SCRIPT_SANDBOXING = YES;
				GCC_C_LANGUAGE_STANDARD = gnu17;
				GCC_NO_COMMON_BLOCKS = YES;
				GCC_WARN_64_TO_32_BIT_CONVERSION = YES;
				GCC_WARN_ABOUT_RETURN_TYPE = YES_ERROR;
				GCC_WARN_UNDECLARED_SELECTOR = YES;
				GCC_WARN_UNINITIALIZED_AUTOS = YES_AGGRESSIVE;
				GCC_WARN_UNUSED_FUNCTION = YES;
				GCC_WARN_UNUSED_VARIABLE = YES;
				INFOPLIST_FILE = /Users/claireyang/Desktop/PhotosClean/PhotosClean/Info.plist;
				IPHONEOS_DEPLOYMENT_TARGET = 17.0;
				LOCALIZATION_PREFERS_STRING_CATALOGS = YES;
				MTL_ENABLE_DEBUG_INFO = NO;
				MTL_FAST_MATH = YES;
				SDKROOT = iphoneos;
				SWIFT_COMPILATION_MODE = wholemodule;
				VALIDATE_PRODUCT = YES;
			};
			name = Release;
		};
		B5FE60562F04F52B009BF8EF /* Debug */ = {
			isa = XCBuildConfiguration;
			buildSettings = {
				ASSETCATALOG_COMPILER_GLOBAL_ACCENT_COLOR_NAME = AccentColor;
				ASSETCATALOG_COMPILER_WIDGET_BACKGROUND_COLOR_NAME = WidgetBackground;
				CODE_SIGN_ENTITLEMENTS = SnapSnackWidgetExtension.entitlements;
				CODE_SIGN_STYLE = Automatic;
				CURRENT_PROJECT_VERSION = 13;
				DEVELOPMENT_TEAM = XNPB3GQ7SF;
				GENERATE_INFOPLIST_FILE = YES;
				INFOPLIST_FILE = SnapSnackWidget/Info.plist;
				INFOPLIST_KEY_CFBundleDisplayName = SnapSnackWidget;
				INFOPLIST_KEY_NSHumanReadableCopyright = "";
				INFOPLIST_KEY_NSPhotoLibraryUsageDescription = "我们需要访问照片以统计待处理数量";
				IPHONEOS_DEPLOYMENT_TARGET = 17.0;
				LD_RUNPATH_SEARCH_PATHS = (
					"$(inherited)",
					"@executable_path/Frameworks",
					"@executable_path/../../Frameworks",
				);
				MARKETING_VERSION = 2.5;
				PRODUCT_BUNDLE_IDENTIFIER = com.claire.tastytidy.SnapSnackWidget;
				PRODUCT_NAME = "$(TARGET_NAME)";
				SKIP_INSTALL = YES;
				STRING_CATALOG_GENERATE_SYMBOLS = YES;
				SWIFT_APPROACHABLE_CONCURRENCY = YES;
				SWIFT_EMIT_LOC_STRINGS = YES;
				SWIFT_UPCOMING_FEATURE_MEMBER_IMPORT_VISIBILITY = YES;
				SWIFT_VERSION = 5.0;
				TARGETED_DEVICE_FAMILY = "1,2";
			};
			name = Debug;
		};
		B5FE60572F04F52B009BF8EF /* Release */ = {
			isa = XCBuildConfiguration;
			buildSettings = {
				ASSETCATALOG_COMPILER_GLOBAL_ACCENT_COLOR_NAME = AccentColor;
				ASSETCATALOG_COMPILER_WIDGET_BACKGROUND_COLOR_NAME = WidgetBackground;
				CODE_SIGN_ENTITLEMENTS = SnapSnackWidgetExtension.entitlements;
				CODE_SIGN_STYLE = Automatic;
				CURRENT_PROJECT_VERSION = 13;
				DEVELOPMENT_TEAM = XNPB3GQ7SF;
				GENERATE_INFOPLIST_FILE = YES;
				INFOPLIST_FILE = SnapSnackWidget/Info.plist;
				INFOPLIST_KEY_CFBundleDisplayName = SnapSnackWidget;
				INFOPLIST_KEY_NSHumanReadableCopyright = "";
				INFOPLIST_KEY_NSPhotoLibraryUsageDescription = "我们需要访问照片以统计待处理数量";
				IPHONEOS_DEPLOYMENT_TARGET = 17.0;
				LD_RUNPATH_SEARCH_PATHS = (
					"$(inherited)",
					"@executable_path/Frameworks",
					"@executable_path/../../Frameworks",
				);
				MARKETING_VERSION = 2.5;
				PRODUCT_BUNDLE_IDENTIFIER = com.claire.tastytidy.SnapSnackWidget;
				PRODUCT_NAME = "$(TARGET_NAME)";
				SKIP_INSTALL = YES;
				STRING_CATALOG_GENERATE_SYMBOLS = YES;
				SWIFT_APPROACHABLE_CONCURRENCY = YES;
				SWIFT_EMIT_LOC_STRINGS = YES;
				SWIFT_UPCOMING_FEATURE_MEMBER_IMPORT_VISIBILITY = YES;
				SWIFT_VERSION = 5.0;
				TARGETED_DEVICE_FAMILY = "1,2";
			};
			name = Release;
		};
/* End XCBuildConfiguration section */

/* Begin XCConfigurationList section */
		B5E827E42F04E787003A4515 /* Build configuration list for PBXProject "PhotosClean" */ = {
			isa = XCConfigurationList;
			buildConfigurations = (
				B5E827FA2F04E78A003A4515 /* Debug */,
				B5E827FB2F04E78A003A4515 /* Release */,
			);
			defaultConfigurationIsVisible = 0;
			defaultConfigurationName = Release;
		};
		B5E827F72F04E78A003A4515 /* Build configuration list for PBXNativeTarget "PhotosClean" */ = {
			isa = XCConfigurationList;
			buildConfigurations = (
				B5E827F82F04E78A003A4515 /* Debug */,
				B5E827F92F04E78A003A4515 /* Release */,
			);
			defaultConfigurationIsVisible = 0;
			defaultConfigurationName = Release;
		};
		B5FE60552F04F52B009BF8EF /* Build configuration list for PBXNativeTarget "SnapSnackWidgetExtension" */ = {
			isa = XCConfigurationList;
			buildConfigurations = (
				B5FE60562F04F52B009BF8EF /* Debug */,
				B5FE60572F04F52B009BF8EF /* Release */,
			);
			defaultConfigurationIsVisible = 0;
			defaultConfigurationName = Release;
		};
/* End XCConfigurationList section */
	};
	rootObject = B5E827E12F04E787003A4515 /* Project object */;
}
